
Microsoft Visual Studio Solution File, Format Version 12.00
# Visual Studio Version 17
VisualStudioVersion = 17.4.33213.308
MinimumVisualStudioVersion = 10.0.40219.1
Project("{FAE04EC0-301F-11D3-BF4B-00C04F79EFBC}") = "Lab2API", "Lab2API\Lab2API.csproj", "{5073DA09-60D4-44D9-AB87-FAA5B7C4DC8C}"
EndProject
Global
	GlobalSection(SolutionConfigurationPlatforms) = preSolution
		Debug|Any CPU = Debug|Any CPU
		Release|Any CPU = Release|Any CPU
	EndGlobalSection
	GlobalSection(ProjectConfigurationPlatforms) = postSolution
		{5073DA09-60D4-44D9-AB87-FAA5B7C4DC8C}.Debug|Any CPU.ActiveCfg = Debug|Any CPU
		{5073DA09-60D4-44D9-AB87-FAA5B7C4DC8C}.Debug|Any CPU.Build.0 = Debug|Any CPU
		{5073DA09-60D4-44D9-AB87-FAA5B7C4DC8C}.Release|Any CPU.ActiveCfg = Release|Any CPU
		{5073DA09-60D4-44D9-AB87-FAA5B7C4DC8C}.Release|Any CPU.Build.0 = Release|Any CPU
	EndGlobalSection
	GlobalSection(SolutionProperties) = preSolution
		HideSolutionNode = FALSE
	EndGlobalSection
	GlobalSection(ExtensibilityGlobals) = postSolution
		SolutionGuid = {B2278162-27B1-475D-8A65-CCC76656828F}
	EndGlobalSection
EndGlobal
